// !$*UTF8*$!
{
	archiveVersion = 1;
	classes = {
	};
	objectVersion = 46;
	objects = {

/* Begin PBXBuildFile section */
		461ED1531FA42AE20013BB1E /* BTViewController.m in Sources */ = {isa = PBXBuildFile; fileRef = 461ED1511FA42AE20013BB1E /* BTViewController.m */; };
		461ED1541FA42AE20013BB1E /* BTViewController.xib in Resources */ = {isa = PBXBuildFile; fileRef = 461ED1521FA42AE20013BB1E /* BTViewController.xib */; };
		461ED1561FA42BD80013BB1E /* ic_menu_refresh.png in Resources */ = {isa = PBXBuildFile; fileRef = 461ED1551FA42BD80013BB1E /* ic_menu_refresh.png */; };
		464BA5521EC54EFA008F33F1 /* main.m in Sources */ = {isa = PBXBuildFile; fileRef = 464BA5511EC54EFA008F33F1 /* main.m */; };
		464BA5551EC54EFA008F33F1 /* AppDelegate.m in Sources */ = {isa = PBXBuildFile; fileRef = 464BA5541EC54EFA008F33F1 /* AppDelegate.m */; };
		464BA5581EC54EFA008F33F1 /* ViewController.m in Sources */ = {isa = PBXBuildFile; fileRef = 464BA5571EC54EFA008F33F1 /* ViewController.m */; };
		464BA55D1EC54EFA008F33F1 /* Assets.xcassets in Resources */ = {isa = PBXBuildFile; fileRef = 464BA55C1EC54EFA008F33F1 /* Assets.xcassets */; };
		464BA5601EC54EFA008F33F1 /* LaunchScreen.storyboard in Resources */ = {isa = PBXBuildFile; fileRef = 464BA55E1EC54EFA008F33F1 /* LaunchScreen.storyboard */; };
		464BA56B1EC54EFB008F33F1 /* TelecontrollerTests.m in Sources */ = {isa = PBXBuildFile; fileRef = 464BA56A1EC54EFB008F33F1 /* TelecontrollerTests.m */; };
		464BA5761EC54EFB008F33F1 /* TelecontrollerUITests.m in Sources */ = {isa = PBXBuildFile; fileRef = 464BA5751EC54EFB008F33F1 /* TelecontrollerUITests.m */; };
		464BA5851EC55750008F33F1 /* bg.png in Resources */ = {isa = PBXBuildFile; fileRef = 464BA5841EC55750008F33F1 /* bg.png */; };
		464BA5871EC558E9008F33F1 /* 收音_按钮zone_N.png in Resources */ = {isa = PBXBuildFile; fileRef = 464BA5861EC558E9008F33F1 /* 收音_按钮zone_N.png */; };
		464BA5891EC5656D008F33F1 /* 收音_圆盘.png in Resources */ = {isa = PBXBuildFile; fileRef = 464BA5881EC5656D008F33F1 /* 收音_圆盘.png */; };
		464BA58B1EC56875008F33F1 /* 圆盘.png in Resources */ = {isa = PBXBuildFile; fileRef = 464BA58A1EC56875008F33F1 /* 圆盘.png */; };
		464BA58D1EC56965008F33F1 /* 收音_标识_HERTZ.png in Resources */ = {isa = PBXBuildFile; fileRef = 464BA58C1EC56965008F33F1 /* 收音_标识_HERTZ.png */; };
		464BA58F1EC56A53008F33F1 /* 收音_按钮左_N.png in Resources */ = {isa = PBXBuildFile; fileRef = 464BA58E1EC56A52008F33F1 /* 收音_按钮左_N.png */; };
		464BA5911EC56A75008F33F1 /* 收音_按钮右_N.png in Resources */ = {isa = PBXBuildFile; fileRef = 464BA5901EC56A75008F33F1 /* 收音_按钮右_N.png */; };
		464BA5931EC56AD3008F33F1 /* 收音_按钮_N.png in Resources */ = {isa = PBXBuildFile; fileRef = 464BA5921EC56AD3008F33F1 /* 收音_按钮_N.png */; };
		464BA5951EC5898A008F33F1 /* 收音_预存台_N.png in Resources */ = {isa = PBXBuildFile; fileRef = 464BA5941EC5898A008F33F1 /* 收音_预存台_N.png */; };
		464BA5971EC59FF3008F33F1 /* 收音_圆盘_按钮_播放暂停_P.png in Resources */ = {isa = PBXBuildFile; fileRef = 464BA5961EC59FF3008F33F1 /* 收音_圆盘_按钮_播放暂停_P.png */; };
		464BA5991EC5A045008F33F1 /* 收音_圆盘_按钮_音量加_P.png in Resources */ = {isa = PBXBuildFile; fileRef = 464BA5981EC5A045008F33F1 /* 收音_圆盘_按钮_音量加_P.png */; };
		464BA59B1EC5A090008F33F1 /* 收音_圆盘_按钮_上一个_P.png in Resources */ = {isa = PBXBuildFile; fileRef = 464BA59A1EC5A090008F33F1 /* 收音_圆盘_按钮_上一个_P.png */; };
		464BA59D1EC5A0C1008F33F1 /* 收音_圆盘_按钮_下一个_P.png in Resources */ = {isa = PBXBuildFile; fileRef = 464BA59C1EC5A0C1008F33F1 /* 收音_圆盘_按钮_下一个_P.png */; };
		464BA59F1EC5A0D3008F33F1 /* 收音_圆盘_按钮_音量减_P.png in Resources */ = {isa = PBXBuildFile; fileRef = 464BA59E1EC5A0D3008F33F1 /* 收音_圆盘_按钮_音量减_P.png */; };
		469E6E801EC6FC970062F615 /* ModeViewController.m in Sources */ = {isa = PBXBuildFile; fileRef = 469E6E7F1EC6FC970062F615 /* ModeViewController.m */; };
		469E6E831EC702CD0062F615 /* Main.storyboard in Resources */ = {isa = PBXBuildFile; fileRef = 469E6E811EC702CD0062F615 /* Main.storyboard */; };
		469E6E851EC705CB0062F615 /* btn_n.png in Resources */ = {isa = PBXBuildFile; fileRef = 469E6E841EC705CB0062F615 /* btn_n.png */; };
		469E6E871EC70DCC0062F615 /* btn_p.png in Resources */ = {isa = PBXBuildFile; fileRef = 469E6E861EC70DCC0062F615 /* btn_p.png */; };
		46C98F461FCFD8D100B90D4C /* button_p.png in Resources */ = {isa = PBXBuildFile; fileRef = 46C98F431FCFD8D100B90D4C /* button_p.png */; };
		46C98F471FCFD8D100B90D4C /* left_p.png in Resources */ = {isa = PBXBuildFile; fileRef = 46C98F441FCFD8D100B90D4C /* left_p.png */; };
		46C98F481FCFD8D100B90D4C /* right_p.png in Resources */ = {isa = PBXBuildFile; fileRef = 46C98F451FCFD8D100B90D4C /* right_p.png */; };
		46E3990D1ED5639D00C33C3B /* EADSessionController.m in Sources */ = {isa = PBXBuildFile; fileRef = 46E3990C1ED5639D00C33C3B /* EADSessionController.m */; };
/* End PBXBuildFile section */

/* Begin PBXContainerItemProxy section */
		464BA5671EC54EFB008F33F1 /* PBXContainerItemProxy */ = {
			isa = PBXContainerItemProxy;
			containerPortal = 464BA5451EC54EF9008F33F1 /* Project object */;
			proxyType = 1;
			remoteGlobalIDString = 464BA54C1EC54EFA008F33F1;
			remoteInfo = Telecontroller;
		};
		464BA5721EC54EFB008F33F1 /* PBXContainerItemProxy */ = {
			isa = PBXContainerItemProxy;
			containerPortal = 464BA5451EC54EF9008F33F1 /* Project object */;
			proxyType = 1;
			remoteGlobalIDString = 464BA54C1EC54EFA008F33F1;
			remoteInfo = Telecontroller;
		};
/* End PBXContainerItemProxy section */

/* Begin PBXFileReference section */
		461ED1501FA42AE20013BB1E /* BTViewController.h */ = {isa = PBXFileReference; fileEncoding = 4; lastKnownFileType = sourcecode.c.h; path = BTViewController.h; sourceTree = "<group>"; };
		461ED1511FA42AE20013BB1E /* BTViewController.m */ = {isa = PBXFileReference; fileEncoding = 4; lastKnownFileType = sourcecode.c.objc; path = BTViewController.m; sourceTree = "<group>"; };
		461ED1521FA42AE20013BB1E /* BTViewController.xib */ = {isa = PBXFileReference; fileEncoding = 4; lastKnownFileType = file.xib; path = BTViewController.xib; sourceTree = "<group>"; };
		461ED1551FA42BD80013BB1E /* ic_menu_refresh.png */ = {isa = PBXFileReference; lastKnownFileType = image.png; path = ic_menu_refresh.png; sourceTree = "<group>"; };
		464BA54D1EC54EFA008F33F1 /* Telecontroller.app */ = {isa = PBXFileReference; explicitFileType = wrapper.application; includeInIndex = 0; path = Telecontroller.app; sourceTree = BUILT_PRODUCTS_DIR; };
		464BA5511EC54EFA008F33F1 /* main.m */ = {isa = PBXFileReference; lastKnownFileType = sourcecode.c.objc; path = main.m; sourceTree = "<group>"; };
		464BA5531EC54EFA008F33F1 /* AppDelegate.h */ = {isa = PBXFileReference; lastKnownFileType = sourcecode.c.h; path = AppDelegate.h; sourceTree = "<group>"; };
		464BA5541EC54EFA008F33F1 /* AppDelegate.m */ = {isa = PBXFileReference; lastKnownFileType = sourcecode.c.objc; path = AppDelegate.m; sourceTree = "<group>"; };
		464BA5561EC54EFA008F33F1 /* ViewController.h */ = {isa = PBXFileReference; lastKnownFileType = sourcecode.c.h; path = ViewController.h; sourceTree = "<group>"; };
		464BA5571EC54EFA008F33F1 /* ViewController.m */ = {isa = PBXFileReference; lastKnownFileType = sourcecode.c.objc; path = ViewController.m; sourceTree = "<group>"; };
		464BA55C1EC54EFA008F33F1 /* Assets.xcassets */ = {isa = PBXFileReference; lastKnownFileType = folder.assetcatalog; path = Assets.xcassets; sourceTree = "<group>"; };
		464BA55F1EC54EFA008F33F1 /* Base */ = {isa = PBXFileReference; lastKnownFileType = file.storyboard; name = Base; path = Base.lproj/LaunchScreen.storyboard; sourceTree = "<group>"; };
		464BA5611EC54EFA008F33F1 /* Info.plist */ = {isa = PBXFileReference; lastKnownFileType = text.plist.xml; path = Info.plist; sourceTree = "<group>"; };
		464BA5661EC54EFB008F33F1 /* TelecontrollerTests.xctest */ = {isa = PBXFileReference; explicitFileType = wrapper.cfbundle; includeInIndex = 0; path = TelecontrollerTests.xctest; sourceTree = BUILT_PRODUCTS_DIR; };
		464BA56A1EC54EFB008F33F1 /* TelecontrollerTests.m */ = {isa = PBXFileReference; lastKnownFileType = sourcecode.c.objc; path = TelecontrollerTests.m; sourceTree = "<group>"; };
		464BA56C1EC54EFB008F33F1 /* Info.plist */ = {isa = PBXFileReference; lastKnownFileType = text.plist.xml; path = Info.plist; sourceTree = "<group>"; };
		464BA5711EC54EFB008F33F1 /* TelecontrollerUITests.xctest */ = {isa = PBXFileReference; explicitFileType = wrapper.cfbundle; includeInIndex = 0; path = TelecontrollerUITests.xctest; sourceTree = BUILT_PRODUCTS_DIR; };
		464BA5751EC54EFB008F33F1 /* TelecontrollerUITests.m */ = {isa = PBXFileReference; lastKnownFileType = sourcecode.c.objc; path = TelecontrollerUITests.m; sourceTree = "<group>"; };
		464BA5771EC54EFB008F33F1 /* Info.plist */ = {isa = PBXFileReference; lastKnownFileType = text.plist.xml; path = Info.plist; sourceTree = "<group>"; };
		464BA5841EC55750008F33F1 /* bg.png */ = {isa = PBXFileReference; lastKnownFileType = image.png; path = bg.png; sourceTree = "<group>"; };
		464BA5861EC558E9008F33F1 /* 收音_按钮zone_N.png */ = {isa = PBXFileReference; lastKnownFileType = image.png; path = "收音_按钮zone_N.png"; sourceTree = "<group>"; };
		464BA5881EC5656D008F33F1 /* 收音_圆盘.png */ = {isa = PBXFileReference; lastKnownFileType = image.png; path = "收音_圆盘.png"; sourceTree = "<group>"; };
		464BA58A1EC56875008F33F1 /* 圆盘.png */ = {isa = PBXFileReference; lastKnownFileType = image.png; path = "圆盘.png"; sourceTree = "<group>"; };
		464BA58C1EC56965008F33F1 /* 收音_标识_HERTZ.png */ = {isa = PBXFileReference; lastKnownFileType = image.png; path = "收音_标识_HERTZ.png"; sourceTree = "<group>"; };
		464BA58E1EC56A52008F33F1 /* 收音_按钮左_N.png */ = {isa = PBXFileReference; lastKnownFileType = image.png; path = "收音_按钮左_N.png"; sourceTree = "<group>"; };
		464BA5901EC56A75008F33F1 /* 收音_按钮右_N.png */ = {isa = PBXFileReference; lastKnownFileType = image.png; path = "收音_按钮右_N.png"; sourceTree = "<group>"; };
		464BA5921EC56AD3008F33F1 /* 收音_按钮_N.png */ = {isa = PBXFileReference; lastKnownFileType = image.png; path = "收音_按钮_N.png"; sourceTree = "<group>"; };
		464BA5941EC5898A008F33F1 /* 收音_预存台_N.png */ = {isa = PBXFileReference; lastKnownFileType = image.png; path = "收音_预存台_N.png"; sourceTree = "<group>"; };
		464BA5961EC59FF3008F33F1 /* 收音_圆盘_按钮_播放暂停_P.png */ = {isa = PBXFileReference; lastKnownFileType = image.png; path = "收音_圆盘_按钮_播放暂停_P.png"; sourceTree = "<group>"; };
		464BA5981EC5A045008F33F1 /* 收音_圆盘_按钮_音量加_P.png */ = {isa = PBXFileReference; lastKnownFileType = image.png; path = "收音_圆盘_按钮_音量加_P.png"; sourceTree = "<group>"; };
		464BA59A1EC5A090008F33F1 /* 收音_圆盘_按钮_上一个_P.png */ = {isa = PBXFileReference; lastKnownFileType = image.png; path = "收音_圆盘_按钮_上一个_P.png"; sourceTree = "<group>"; };
		464BA59C1EC5A0C1008F33F1 /* 收音_圆盘_按钮_下一个_P.png */ = {isa = PBXFileReference; lastKnownFileType = image.png; path = "收音_圆盘_按钮_下一个_P.png"; sourceTree = "<group>"; };
		464BA59E1EC5A0D3008F33F1 /* 收音_圆盘_按钮_音量减_P.png */ = {isa = PBXFileReference; lastKnownFileType = image.png; path = "收音_圆盘_按钮_音量减_P.png"; sourceTree = "<group>"; };
		469E6E7E1EC6FC970062F615 /* ModeViewController.h */ = {isa = PBXFileReference; fileEncoding = 4; lastKnownFileType = sourcecode.c.h; path = ModeViewController.h; sourceTree = "<group>"; };
		469E6E7F1EC6FC970062F615 /* ModeViewController.m */ = {isa = PBXFileReference; fileEncoding = 4; lastKnownFileType = sourcecode.c.objc; path = ModeViewController.m; sourceTree = "<group>"; };
		469E6E821EC702CD0062F615 /* Base */ = {isa = PBXFileReference; lastKnownFileType = file.storyboard; name = Base; path = Base.lproj/Main.storyboard; sourceTree = "<group>"; };
		469E6E841EC705CB0062F615 /* btn_n.png */ = {isa = PBXFileReference; lastKnownFileType = image.png; path = btn_n.png; sourceTree = "<group>"; };
		469E6E861EC70DCC0062F615 /* btn_p.png */ = {isa = PBXFileReference; lastKnownFileType = image.png; path = btn_p.png; sourceTree = "<group>"; };
		46C98F431FCFD8D100B90D4C /* button_p.png */ = {isa = PBXFileReference; lastKnownFileType = image.png; path = button_p.png; sourceTree = "<group>"; };
		46C98F441FCFD8D100B90D4C /* left_p.png */ = {isa = PBXFileReference; lastKnownFileType = image.png; path = left_p.png; sourceTree = "<group>"; };
		46C98F451FCFD8D100B90D4C /* right_p.png */ = {isa = PBXFileReference; lastKnownFileType = image.png; path = right_p.png; sourceTree = "<group>"; };
		46E3990B1ED5639D00C33C3B /* EADSessionController.h */ = {isa = PBXFileReference; fileEncoding = 4; lastKnownFileType = sourcecode.c.h; path = EADSessionController.h; sourceTree = "<group>"; };
		46E3990C1ED5639D00C33C3B /* EADSessionController.m */ = {isa = PBXFileReference; fileEncoding = 4; lastKnownFileType = sourcecode.c.objc; path = EADSessionController.m; sourceTree = "<group>"; };
/* End PBXFileReference section */

/* Begin PBXFrameworksBuildPhase section */
		464BA54A1EC54EFA008F33F1 /* Frameworks */ = {
			isa = PBXFrameworksBuildPhase;
			buildActionMask = 2147483647;
			files = (
			);
			runOnlyForDeploymentPostprocessing = 0;
		};
		464BA5631EC54EFB008F33F1 /* Frameworks */ = {
			isa = PBXFrameworksBuildPhase;
			buildActionMask = 2147483647;
			files = (
			);
			runOnlyForDeploymentPostprocessing = 0;
		};
		464BA56E1EC54EFB008F33F1 /* Frameworks */ = {
			isa = PBXFrameworksBuildPhase;
			buildActionMask = 2147483647;
			files = (
			);
			runOnlyForDeploymentPostprocessing = 0;
		};
/* End PBXFrameworksBuildPhase section */

/* Begin PBXGroup section */
		464BA5441EC54EF9008F33F1 = {
			isa = PBXGroup;
			children = (
				464BA54F1EC54EFA008F33F1 /* Telecontroller */,
				464BA5691EC54EFB008F33F1 /* TelecontrollerTests */,
				464BA5741EC54EFB008F33F1 /* TelecontrollerUITests */,
				464BA54E1EC54EFA008F33F1 /* Products */,
			);
			sourceTree = "<group>";
		};
		464BA54E1EC54EFA008F33F1 /* Products */ = {
			isa = PBXGroup;
			children = (
				464BA54D1EC54EFA008F33F1 /* Telecontroller.app */,
				464BA5661EC54EFB008F33F1 /* TelecontrollerTests.xctest */,
				464BA5711EC54EFB008F33F1 /* TelecontrollerUITests.xctest */,
			);
			name = Products;
			sourceTree = "<group>";
		};
		464BA54F1EC54EFA008F33F1 /* Telecontroller */ = {
			isa = PBXGroup;
			children = (
				464BA5831EC55744008F33F1 /* image */,
				464BA5531EC54EFA008F33F1 /* AppDelegate.h */,
				464BA5541EC54EFA008F33F1 /* AppDelegate.m */,
				464BA5561EC54EFA008F33F1 /* ViewController.h */,
				464BA5571EC54EFA008F33F1 /* ViewController.m */,
				469E6E7E1EC6FC970062F615 /* ModeViewController.h */,
				469E6E7F1EC6FC970062F615 /* ModeViewController.m */,
				46E3990B1ED5639D00C33C3B /* EADSessionController.h */,
				46E3990C1ED5639D00C33C3B /* EADSessionController.m */,
				461ED1501FA42AE20013BB1E /* BTViewController.h */,
				461ED1511FA42AE20013BB1E /* BTViewController.m */,
				461ED1521FA42AE20013BB1E /* BTViewController.xib */,
				469E6E811EC702CD0062F615 /* Main.storyboard */,
				464BA55C1EC54EFA008F33F1 /* Assets.xcassets */,
				464BA55E1EC54EFA008F33F1 /* LaunchScreen.storyboard */,
				464BA5611EC54EFA008F33F1 /* Info.plist */,
				464BA5501EC54EFA008F33F1 /* Supporting Files */,
			);
			path = Telecontroller;
			sourceTree = "<group>";
		};
		464BA5501EC54EFA008F33F1 /* Supporting Files */ = {
			isa = PBXGroup;
			children = (
				464BA5511EC54EFA008F33F1 /* main.m */,
			);
			name = "Supporting Files";
			sourceTree = "<group>";
		};
		464BA5691EC54EFB008F33F1 /* TelecontrollerTests */ = {
			isa = PBXGroup;
			children = (
				464BA56A1EC54EFB008F33F1 /* TelecontrollerTests.m */,
				464BA56C1EC54EFB008F33F1 /* Info.plist */,
			);
			path = TelecontrollerTests;
			sourceTree = "<group>";
		};
		464BA5741EC54EFB008F33F1 /* TelecontrollerUITests */ = {
			isa = PBXGroup;
			children = (
				464BA5751EC54EFB008F33F1 /* TelecontrollerUITests.m */,
				464BA5771EC54EFB008F33F1 /* Info.plist */,
			);
			path = TelecontrollerUITests;
			sourceTree = "<group>";
		};
		464BA5831EC55744008F33F1 /* image */ = {
			isa = PBXGroup;
			children = (
				461ED1551FA42BD80013BB1E /* ic_menu_refresh.png */,
				469E6E841EC705CB0062F615 /* btn_n.png */,
				464BA5841EC55750008F33F1 /* bg.png */,
				464BA5861EC558E9008F33F1 /* 收音_按钮zone_N.png */,
				464BA5881EC5656D008F33F1 /* 收音_圆盘.png */,
				464BA58A1EC56875008F33F1 /* 圆盘.png */,
				464BA58C1EC56965008F33F1 /* 收音_标识_HERTZ.png */,
				464BA58E1EC56A52008F33F1 /* 收音_按钮左_N.png */,
				464BA5901EC56A75008F33F1 /* 收音_按钮右_N.png */,
				464BA5921EC56AD3008F33F1 /* 收音_按钮_N.png */,
				464BA5941EC5898A008F33F1 /* 收音_预存台_N.png */,
				464BA5961EC59FF3008F33F1 /* 收音_圆盘_按钮_播放暂停_P.png */,
				464BA5981EC5A045008F33F1 /* 收音_圆盘_按钮_音量加_P.png */,
				464BA59A1EC5A090008F33F1 /* 收音_圆盘_按钮_上一个_P.png */,
				464BA59C1EC5A0C1008F33F1 /* 收音_圆盘_按钮_下一个_P.png */,
				464BA59E1EC5A0D3008F33F1 /* 收音_圆盘_按钮_音量减_P.png */,
				469E6E861EC70DCC0062F615 /* btn_p.png */,
				46C98F431FCFD8D100B90D4C /* button_p.png */,
				46C98F441FCFD8D100B90D4C /* left_p.png */,
				46C98F451FCFD8D100B90D4C /* right_p.png */,
			);
			name = image;
			sourceTree = "<group>";
		};
/* End PBXGroup section */

/* Begin PBXNativeTarget section */
		464BA54C1EC54EFA008F33F1 /* Telecontroller */ = {
			isa = PBXNativeTarget;
			buildConfigurationList = 464BA57A1EC54EFB008F33F1 /* Build configuration list for PBXNativeTarget "Telecontroller" */;
			buildPhases = (
				464BA5491EC54EFA008F33F1 /* Sources */,
				464BA54A1EC54EFA008F33F1 /* Frameworks */,
				464BA54B1EC54EFA008F33F1 /* Resources */,
			);
			buildRules = (
			);
			dependencies = (
			);
			name = Telecontroller;
			productName = Telecontroller;
			productReference = 464BA54D1EC54EFA008F33F1 /* Telecontroller.app */;
			productType = "com.apple.product-type.application";
		};
		464BA5651EC54EFB008F33F1 /* TelecontrollerTests */ = {
			isa = PBXNativeTarget;
			buildConfigurationList = 464BA57D1EC54EFB008F33F1 /* Build configuration list for PBXNativeTarget "TelecontrollerTests" */;
			buildPhases = (
				464BA5621EC54EFB008F33F1 /* Sources */,
				464BA5631EC54EFB008F33F1 /* Frameworks */,
				464BA5641EC54EFB008F33F1 /* Resources */,
			);
			buildRules = (
			);
			dependencies = (
				464BA5681EC54EFB008F33F1 /* PBXTargetDependency */,
			);
			name = TelecontrollerTests;
			productName = TelecontrollerTests;
			productReference = 464BA5661EC54EFB008F33F1 /* TelecontrollerTests.xctest */;
			productType = "com.apple.product-type.bundle.unit-test";
		};
		464BA5701EC54EFB008F33F1 /* TelecontrollerUITests */ = {
			isa = PBXNativeTarget;
			buildConfigurationList = 464BA5801EC54EFB008F33F1 /* Build configuration list for PBXNativeTarget "TelecontrollerUITests" */;
			buildPhases = (
				464BA56D1EC54EFB008F33F1 /* Sources */,
				464BA56E1EC54EFB008F33F1 /* Frameworks */,
				464BA56F1EC54EFB008F33F1 /* Resources */,
			);
			buildRules = (
			);
			dependencies = (
				464BA5731EC54EFB008F33F1 /* PBXTargetDependency */,
			);
			name = TelecontrollerUITests;
			productName = TelecontrollerUITests;
			productReference = 464BA5711EC54EFB008F33F1 /* TelecontrollerUITests.xctest */;
			productType = "com.apple.product-type.bundle.ui-testing";
		};
/* End PBXNativeTarget section */

/* Begin PBXProject section */
		464BA5451EC54EF9008F33F1 /* Project object */ = {
			isa = PBXProject;
			attributes = {
				LastUpgradeCheck = 0800;
				ORGANIZATIONNAME = hk;
				TargetAttributes = {
					464BA54C1EC54EFA008F33F1 = {
						CreatedOnToolsVersion = 8.0;
						DevelopmentTeam = JHLRM332RX;
						ProvisioningStyle = Manual;
						SystemCapabilities = {
							com.apple.BackgroundModes = {
								enabled = 1;
							};
						};
					};
					464BA5651EC54EFB008F33F1 = {
						CreatedOnToolsVersion = 8.0;
						DevelopmentTeam = 72R92ZFFLQ;
						ProvisioningStyle = Automatic;
						TestTargetID = 464BA54C1EC54EFA008F33F1;
					};
					464BA5701EC54EFB008F33F1 = {
						CreatedOnToolsVersion = 8.0;
						DevelopmentTeam = 72R92ZFFLQ;
						ProvisioningStyle = Automatic;
						TestTargetID = 464BA54C1EC54EFA008F33F1;
					};
				};
			};
			buildConfigurationList = 464BA5481EC54EF9008F33F1 /* Build configuration list for PBXProject "Telecontroller" */;
			compatibilityVersion = "Xcode 3.2";
			developmentRegion = English;
			hasScannedForEncodings = 0;
			knownRegions = (
				en,
				Base,
			);
			mainGroup = 464BA5441EC54EF9008F33F1;
			productRefGroup = 464BA54E1EC54EFA008F33F1 /* Products */;
			projectDirPath = "";
			projectRoot = "";
			targets = (
				464BA54C1EC54EFA008F33F1 /* Telecontroller */,
				464BA5651EC54EFB008F33F1 /* TelecontrollerTests */,
				464BA5701EC54EFB008F33F1 /* TelecontrollerUITests */,
			);
		};
/* End PBXProject section */

/* Begin PBXResourcesBuildPhase section */
		464BA54B1EC54EFA008F33F1 /* Resources */ = {
			isa = PBXResourcesBuildPhase;
			buildActionMask = 2147483647;
			files = (
				46C98F461FCFD8D100B90D4C /* button_p.png in Resources */,
				46C98F471FCFD8D100B90D4C /* left_p.png in Resources */,
				464BA5951EC5898A008F33F1 /* 收音_预存台_N.png in Resources */,
				46C98F481FCFD8D100B90D4C /* right_p.png in Resources */,
				464BA58B1EC56875008F33F1 /* 圆盘.png in Resources */,
				464BA5891EC5656D008F33F1 /* 收音_圆盘.png in Resources */,
				464BA58F1EC56A53008F33F1 /* 收音_按钮左_N.png in Resources */,
				464BA59D1EC5A0C1008F33F1 /* 收音_圆盘_按钮_下一个_P.png in Resources */,
				464BA5601EC54EFA008F33F1 /* LaunchScreen.storyboard in Resources */,
				469E6E831EC702CD0062F615 /* Main.storyboard in Resources */,
				464BA58D1EC56965008F33F1 /* 收音_标识_HERTZ.png in Resources */,
				461ED1561FA42BD80013BB1E /* ic_menu_refresh.png in Resources */,
				464BA59B1EC5A090008F33F1 /* 收音_圆盘_按钮_上一个_P.png in Resources */,
				464BA55D1EC54EFA008F33F1 /* Assets.xcassets in Resources */,
				461ED1541FA42AE20013BB1E /* BTViewController.xib in Resources */,
				464BA5851EC55750008F33F1 /* bg.png in Resources */,
				469E6E851EC705CB0062F615 /* btn_n.png in Resources */,
				464BA59F1EC5A0D3008F33F1 /* 收音_圆盘_按钮_音量减_P.png in Resources */,
				469E6E871EC70DCC0062F615 /* btn_p.png in Resources */,
				464BA5971EC59FF3008F33F1 /* 收音_圆盘_按钮_播放暂停_P.png in Resources */,
				464BA5931EC56AD3008F33F1 /* 收音_按钮_N.png in Resources */,
				464BA5911EC56A75008F33F1 /* 收音_按钮右_N.png in Resources */,
				464BA5871EC558E9008F33F1 /* 收音_按钮zone_N.png in Resources */,
				464BA5991EC5A045008F33F1 /* 收音_圆盘_按钮_音量加_P.png in Resources */,
			);
			runOnlyForDeploymentPostprocessing = 0;
		};
		464BA5641EC54EFB008F33F1 /* Resources */ = {
			isa = PBXResourcesBuildPhase;
			buildActionMask = 2147483647;
			files = (
			);
			runOnlyForDeploymentPostprocessing = 0;
		};
		464BA56F1EC54EFB008F33F1 /* Resources */ = {
			isa = PBXResourcesBuildPhase;
			buildActionMask = 2147483647;
			files = (
			);
			runOnlyForDeploymentPostprocessing = 0;
		};
/* End PBXResourcesBuildPhase section */

/* Begin PBXSourcesBuildPhase section */
		464BA5491EC54EFA008F33F1 /* Sources */ = {
			isa = PBXSourcesBuildPhase;
			buildActionMask = 2147483647;
			files = (
				461ED1531FA42AE20013BB1E /* BTViewController.m in Sources */,
				464BA5581EC54EFA008F33F1 /* ViewController.m in Sources */,
				46E3990D1ED5639D00C33C3B /* EADSessionController.m in Sources */,
				464BA5551EC54EFA008F33F1 /* AppDelegate.m in Sources */,
				464BA5521EC54EFA008F33F1 /* main.m in Sources */,
				469E6E801EC6FC970062F615 /* ModeViewController.m in Sources */,
			);
			runOnlyForDeploymentPostprocessing = 0;
		};
		464BA5621EC54EFB008F33F1 /* Sources */ = {
			isa = PBXSourcesBuildPhase;
			buildActionMask = 2147483647;
			files = (
				464BA56B1EC54EFB008F33F1 /* TelecontrollerTests.m in Sources */,
			);
			runOnlyForDeploymentPostprocessing = 0;
		};
		464BA56D1EC54EFB008F33F1 /* Sources */ = {
			isa = PBXSourcesBuildPhase;
			buildActionMask = 2147483647;
			files = (
				464BA5761EC54EFB008F33F1 /* TelecontrollerUITests.m in Sources */,
			);
			runOnlyForDeploymentPostprocessing = 0;
		};
/* End PBXSourcesBuildPhase section */

/* Begin PBXTargetDependency section */
		464BA5681EC54EFB008F33F1 /* PBXTargetDependency */ = {
			isa = PBXTargetDependency;
			target = 464BA54C1EC54EFA008F33F1 /* Telecontroller */;
			targetProxy = 464BA5671EC54EFB008F33F1 /* PBXContainerItemProxy */;
		};
		464BA5731EC54EFB008F33F1 /* PBXTargetDependency */ = {
			isa = PBXTargetDependency;
			target = 464BA54C1EC54EFA008F33F1 /* Telecontroller */;
			targetProxy = 464BA5721EC54EFB008F33F1 /* PBXContainerItemProxy */;
		};
/* End PBXTargetDependency section */

/* Begin PBXVariantGroup section */
		464BA55E1EC54EFA008F33F1 /* LaunchScreen.storyboard */ = {
			isa = PBXVariantGroup;
			children = (
				464BA55F1EC54EFA008F33F1 /* Base */,
			);
			name = LaunchScreen.storyboard;
			sourceTree = "<group>";
		};
		469E6E811EC702CD0062F615 /* Main.storyboard */ = {
			isa = PBXVariantGroup;
			children = (
				469E6E821EC702CD0062F615 /* Base */,
			);
			name = Main.storyboard;
			sourceTree = "<group>";
		};
/* End PBXVariantGroup section */

/* Begin XCBuildConfiguration section */
		464BA5781EC54EFB008F33F1 /* Debug */ = {
			isa = XCBuildConfiguration;
			buildSettings = {
				ALWAYS_SEARCH_USER_PATHS = NO;
				CLANG_ANALYZER_NONNULL = YES;
				CLANG_CXX_LANGUAGE_STANDARD = "gnu++0x";
				CLANG_CXX_LIBRARY = "libc++";
				CLANG_ENABLE_MODULES = YES;
				CLANG_ENABLE_OBJC_ARC = YES;
				CLANG_WARN_BOOL_CONVERSION = YES;
				CLANG_WARN_CONSTANT_CONVERSION = YES;
				CLANG_WARN_DIRECT_OBJC_ISA_USAGE = YES_ERROR;
				CLANG_WARN_DOCUMENTATION_COMMENTS = YES;
				CLANG_WARN_EMPTY_BODY = YES;
				CLANG_WARN_ENUM_CONVERSION = YES;
				CLANG_WARN_INFINITE_RECURSION = YES;
				CLANG_WARN_INT_CONVERSION = YES;
				CLANG_WARN_OBJC_ROOT_CLASS = YES_ERROR;
				CLANG_WARN_SUSPICIOUS_MOVES = YES;
				CLANG_WARN_UNREACHABLE_CODE = YES;
				CLANG_WARN__DUPLICATE_METHOD_MATCH = YES;
				"CODE_SIGN_IDENTITY[sdk=iphoneos*]" = "iPhone Developer";
				COPY_PHASE_STRIP = NO;
				DEBUG_INFORMATION_FORMAT = dwarf;
				ENABLE_STRICT_OBJC_MSGSEND = YES;
				ENABLE_TESTABILITY = YES;
				GCC_C_LANGUAGE_STANDARD = gnu99;
				GCC_DYNAMIC_NO_PIC = NO;
				GCC_NO_COMMON_BLOCKS = YES;
				GCC_OPTIMIZATION_LEVEL = 0;
				GCC_PREPROCESSOR_DEFINITIONS = (
					"DEBUG=1",
					"$(inherited)",
				);
				GCC_WARN_64_TO_32_BIT_CONVERSION = YES;
				GCC_WARN_ABOUT_RETURN_TYPE = YES_ERROR;
				GCC_WARN_UNDECLARED_SELECTOR = YES;
				GCC_WARN_UNINITIALIZED_AUTOS = YES_AGGRESSIVE;
				GCC_WARN_UNUSED_FUNCTION = YES;
				GCC_WARN_UNUSED_VARIABLE = YES;
				IPHONEOS_DEPLOYMENT_TARGET = 10.0;
				MTL_ENABLE_DEBUG_INFO = YES;
				ONLY_ACTIVE_ARCH = YES;
				SDKROOT = iphoneos;
				TARGETED_DEVICE_FAMILY = "1,2";
			};
			name = Debug;
		};
		464BA5791EC54EFB008F33F1 /* Release */ = {
			isa = XCBuildConfiguration;
			buildSettings = {
				ALWAYS_SEARCH_USER_PATHS = NO;
				CLANG_ANALYZER_NONNULL = YES;
				CLANG_CXX_LANGUAGE_STANDARD = "gnu++0x";
				CLANG_CXX_LIBRARY = "libc++";
				CLANG_ENABLE_MODULES = YES;
				CLANG_ENABLE_OBJC_ARC = YES;
				CLANG_WARN_BOOL_CONVERSION = YES;
				CLANG_WARN_CONSTANT_CONVERSION = YES;
				CLANG_WARN_DIRECT_OBJC_ISA_USAGE = YES_ERROR;
				CLANG_WARN_DOCUMENTATION_COMMENTS = YES;
				CLANG_WARN_EMPTY_BODY = YES;
				CLANG_WARN_ENUM_CONVERSION = YES;
				CLANG_WARN_INFINITE_RECURSION = YES;
				CLANG_WARN_INT_CONVERSION = YES;
				CLANG_WARN_OBJC_ROOT_CLASS = YES_ERROR;
				CLANG_WARN_SUSPICIOUS_MOVES = YES;
				CLANG_WARN_UNREACHABLE_CODE = YES;
				CLANG_WARN__DUPLICATE_METHOD_MATCH = YES;
				"CODE_SIGN_IDENTITY[sdk=iphoneos*]" = "iPhone Developer";
				COPY_PHASE_STRIP = NO;
				DEBUG_INFORMATION_FORMAT = "dwarf-with-dsym";
				ENABLE_NS_ASSERTIONS = NO;
				ENABLE_STRICT_OBJC_MSGSEND = YES;
				GCC_C_LANGUAGE_STANDARD = gnu99;
				GCC_NO_COMMON_BLOCKS = YES;
				GCC_WARN_64_TO_32_BIT_CONVERSION = YES;
				GCC_WARN_ABOUT_RETURN_TYPE = YES_ERROR;
				GCC_WARN_UNDECLARED_SELECTOR = YES;
				GCC_WARN_UNINITIALIZED_AUTOS = YES_AGGRESSIVE;
				GCC_WARN_UNUSED_FUNCTION = YES;
				GCC_WARN_UNUSED_VARIABLE = YES;
				IPHONEOS_DEPLOYMENT_TARGET = 10.0;
				MTL_ENABLE_DEBUG_INFO = NO;
				SDKROOT = iphoneos;
				TARGETED_DEVICE_FAMILY = "1,2";
				VALIDATE_PRODUCT = YES;
			};
			name = Release;
		};
		464BA57B1EC54EFB008F33F1 /* Debug */ = {
			isa = XCBuildConfiguration;
			buildSettings = {
				ASSETCATALOG_COMPILER_APPICON_NAME = AppIcon;
				CODE_SIGN_IDENTITY = "";
				"CODE_SIGN_IDENTITY[sdk=iphoneos*]" = "";
				CODE_SIGN_STYLE = Manual;
				DEVELOPMENT_TEAM = "";
				INFOPLIST_FILE = Telecontroller/Info.plist;
				IPHONEOS_DEPLOYMENT_TARGET = 8.0;
				LD_RUNPATH_SEARCH_PATHS = "$(inherited) @executable_path/Frameworks";
				PRODUCT_BUNDLE_IDENTIFIER = com.haoke.tele;
				PRODUCT_NAME = "$(TARGET_NAME)";
				PROVISIONING_PROFILE = "";
				PROVISIONING_PROFILE_SPECIFIER = "";
			};
			name = Debug;
		};
		464BA57C1EC54EFB008F33F1 /* Release */ = {
			isa = XCBuildConfiguration;
			buildSettings = {
				ASSETCATALOG_COMPILER_APPICON_NAME = AppIcon;
				CODE_SIGN_IDENTITY = "iPhone Distribution: Ricardo Oviedo (JHLRM332RX)";
				"CODE_SIGN_IDENTITY[sdk=iphoneos*]" = "iPhone Distribution: Ricardo Oviedo (JHLRM332RX)";
				CODE_SIGN_STYLE = Manual;
				DEVELOPMENT_TEAM = JHLRM332RX;
				INFOPLIST_FILE = Telecontroller/Info.plist;
				IPHONEOS_DEPLOYMENT_TARGET = 8.0;
				LD_RUNPATH_SEARCH_PATHS = "$(inherited) @executable_path/Frameworks";
				PRODUCT_BUNDLE_IDENTIFIER = com.haoke.tele;
				PRODUCT_NAME = "$(TARGET_NAME)";
				PROVISIONING_PROFILE = "c6755652-fb6a-4a1a-aa9d-7748ef6192cd";
				PROVISIONING_PROFILE_SPECIFIER = hertz22;
			};
			name = Release;
		};
		464BA57E1EC54EFB008F33F1 /* Debug */ = {
			isa = XCBuildConfiguration;
			buildSettings = {
				BUNDLE_LOADER = "$(TEST_HOST)";
				DEVELOPMENT_TEAM = 72R92ZFFLQ;
				INFOPLIST_FILE = TelecontrollerTests/Info.plist;
				LD_RUNPATH_SEARCH_PATHS = "$(inherited) @executable_path/Frameworks @loader_path/Frameworks";
				PRODUCT_BUNDLE_IDENTIFIER = com.haoke.TelecontrollerTests;
				PRODUCT_NAME = "$(TARGET_NAME)";
				TEST_HOST = "$(BUILT_PRODUCTS_DIR)/Telecontroller.app/Telecontroller";
			};
			name = Debug;
		};
		464BA57F1EC54EFB008F33F1 /* Release */ = {
			isa = XCBuildConfiguration;
			buildSettings = {
				BUNDLE_LOADER = "$(TEST_HOST)";
				DEVELOPMENT_TEAM = 72R92ZFFLQ;
				INFOPLIST_FILE = TelecontrollerTests/Info.plist;
				LD_RUNPATH_SEARCH_PATHS = "$(inherited) @executable_path/Frameworks @loader_path/Frameworks";
				PRODUCT_BUNDLE_IDENTIFIER = com.haoke.TelecontrollerTests;
				PRODUCT_NAME = "$(TARGET_NAME)";
				TEST_HOST = "$(BUILT_PRODUCTS_DIR)/Telecontroller.app/Telecontroller";
			};
			name = Release;
		};
		464BA5811EC54EFB008F33F1 /* Debug */ = {
			isa = XCBuildConfiguration;
			buildSettings = {
				DEVELOPMENT_TEAM = 72R92ZFFLQ;
				INFOPLIST_FILE = TelecontrollerUITests/Info.plist;
				LD_RUNPATH_SEARCH_PATHS = "$(inherited) @executable_path/Frameworks @loader_path/Frameworks";
				PRODUCT_BUNDLE_IDENTIFIER = com.haoke.TelecontrollerUITests;
				PRODUCT_NAME = "$(TARGET_NAME)";
				TEST_TARGET_NAME = Telecontroller;
			};
			name = Debug;
		};
		464BA5821EC54EFB008F33F1 /* Release */ = {
			isa = XCBuildConfiguration;
			buildSettings = {
				DEVELOPMENT_TEAM = 72R92ZFFLQ;
				INFOPLIST_FILE = TelecontrollerUITests/Info.plist;
				LD_RUNPATH_SEARCH_PATHS = "$(inherited) @executable_path/Frameworks @loader_path/Frameworks";
				PRODUCT_BUNDLE_IDENTIFIER = com.haoke.TelecontrollerUITests;
				PRODUCT_NAME = "$(TARGET_NAME)";
				TEST_TARGET_NAME = Telecontroller;
			};
			name = Release;
		};
/* End XCBuildConfiguration section */

/* Begin XCConfigurationList section */
		464BA5481EC54EF9008F33F1 /* Build configuration list for PBXProject "Telecontroller" */ = {
			isa = XCConfigurationList;
			buildConfigurations = (
				464BA5781EC54EFB008F33F1 /* Debug */,
				464BA5791EC54EFB008F33F1 /* Release */,
			);
			defaultConfigurationIsVisible = 0;
			defaultConfigurationName = Release;
		};
		464BA57A1EC54EFB008F33F1 /* Build configuration list for PBXNativeTarget "Telecontroller" */ = {
			isa = XCConfigurationList;
			buildConfigurations = (
				464BA57B1EC54EFB008F33F1 /* Debug */,
				464BA57C1EC54EFB008F33F1 /* Release */,
			);
			defaultConfigurationIsVisible = 0;
			defaultConfigurationName = Release;
		};
		464BA57D1EC54EFB008F33F1 /* Build configuration list for PBXNativeTarget "TelecontrollerTests" */ = {
			isa = XCConfigurationList;
			buildConfigurations = (
				464BA57E1EC54EFB008F33F1 /* Debug */,
				464BA57F1EC54EFB008F33F1 /* Release */,
			);
			defaultConfigurationIsVisible = 0;
			defaultConfigurationName = Release;
		};
		464BA5801EC54EFB008F33F1 /* Build configuration list for PBXNativeTarget "TelecontrollerUITests" */ = {
			isa = XCConfigurationList;
			buildConfigurations = (
				464BA5811EC54EFB008F33F1 /* Debug */,
				464BA5821EC54EFB008F33F1 /* Release */,
			);
			defaultConfigurationIsVisible = 0;
			defaultConfigurationName = Release;
		};
/* End XCConfigurationList section */
	};
	rootObject = 464BA5451EC54EF9008F33F1 /* Project object */;
}
